// !$*UTF8*$!
{
	archiveVersion = 1;
	classes = {
	};
	objectVersion = 50;
	objects = {

/* Begin PBXBuildFile section */
		1F7E99F6274050D900B8F772 /* Grocery_BuddyApp.swift in Sources */ = {isa = PBXBuildFile; fileRef = 1F7E99F5274050D900B8F772 /* Grocery_BuddyApp.swift */; };
		1F7E99F8274050D900B8F772 /* ContentView.swift in Sources */ = {isa = PBXBuildFile; fileRef = 1F7E99F7274050D900B8F772 /* ContentView.swift */; };
		1F7E99FA274050DC00B8F772 /* Assets.xcassets in Resources */ = {isa = PBXBuildFile; fileRef = 1F7E99F9274050DC00B8F772 /* Assets.xcassets */; };
		1F7E99FD274050DC00B8F772 /* Preview Assets.xcassets in Resources */ = {isa = PBXBuildFile; fileRef = 1F7E99FC274050DC00B8F772 /* Preview Assets.xcassets */; };
		1F7E9A08274050DC00B8F772 /* Grocery_BuddyTests.swift in Sources */ = {isa = PBXBuildFile; fileRef = 1F7E9A07274050DC00B8F772 /* Grocery_BuddyTests.swift */; };
		1F7E9A13274050DC00B8F772 /* Grocery_BuddyUITests.swift in Sources */ = {isa = PBXBuildFile; fileRef = 1F7E9A12274050DC00B8F772 /* Grocery_BuddyUITests.swift */; };
/* End PBXBuildFile section */

/* Begin PBXContainerItemProxy section */
		1F7E9A04274050DC00B8F772 /* PBXContainerItemProxy */ = {
			isa = PBXContainerItemProxy;
			containerPortal = 1F7E99EA274050D900B8F772 /* Project object */;
			proxyType = 1;
			remoteGlobalIDString = 1F7E99F1274050D900B8F772;
			remoteInfo = "Grocery Buddy";
		};
		1F7E9A0F274050DC00B8F772 /* PBXContainerItemProxy */ = {
			isa = PBXContainerItemProxy;
			containerPortal = 1F7E99EA274050D900B8F772 /* Project object */;
			proxyType = 1;
			remoteGlobalIDString = 1F7E99F1274050D900B8F772;
			remoteInfo = "Grocery Buddy";
		};
/* End PBXContainerItemProxy section */

/* Begin PBXFileReference section */
		1F7E99F2274050D900B8F772 /* Grocery Buddy.app */ = {isa = PBXFileReference; explicitFileType = wrapper.application; includeInIndex = 0; path = "Grocery Buddy.app"; sourceTree = BUILT_PRODUCTS_DIR; };
		1F7E99F5274050D900B8F772 /* Grocery_BuddyApp.swift */ = {isa = PBXFileReference; lastKnownFileType = sourcecode.swift; path = Grocery_BuddyApp.swift; sourceTree = "<group>"; };
		1F7E99F7274050D900B8F772 /* ContentView.swift */ = {isa = PBXFileReference; lastKnownFileType = sourcecode.swift; path = ContentView.swift; sourceTree = "<group>"; };
		1F7E99F9274050DC00B8F772 /* Assets.xcassets */ = {isa = PBXFileReference; lastKnownFileType = folder.assetcatalog; path = Assets.xcassets; sourceTree = "<group>"; };
		1F7E99FC274050DC00B8F772 /* Preview Assets.xcassets */ = {isa = PBXFileReference; lastKnownFileType = folder.assetcatalog; path = "Preview Assets.xcassets"; sourceTree = "<group>"; };
		1F7E99FE274050DC00B8F772 /* Info.plist */ = {isa = PBXFileReference; lastKnownFileType = text.plist.xml; path = Info.plist; sourceTree = "<group>"; };
		1F7E9A03274050DC00B8F772 /* Grocery BuddyTests.xctest */ = {isa = PBXFileReference; explicitFileType = wrapper.cfbundle; includeInIndex = 0; path = "Grocery BuddyTests.xctest"; sourceTree = BUILT_PRODUCTS_DIR; };
		1F7E9A07274050DC00B8F772 /* Grocery_BuddyTests.swift */ = {isa = PBXFileReference; lastKnownFileType = sourcecode.swift; path = Grocery_BuddyTests.swift; sourceTree = "<group>"; };
		1F7E9A09274050DC00B8F772 /* Info.plist */ = {isa = PBXFileReference; lastKnownFileType = text.plist.xml; path = Info.plist; sourceTree = "<group>"; };
		1F7E9A0E274050DC00B8F772 /* Grocery BuddyUITests.xctest */ = {isa = PBXFileReference; explicitFileType = wrapper.cfbundle; includeInIndex = 0; path = "Grocery BuddyUITests.xctest"; sourceTree = BUILT_PRODUCTS_DIR; };
		1F7E9A12274050DC00B8F772 /* Grocery_BuddyUITests.swift */ = {isa = PBXFileReference; lastKnownFileType = sourcecode.swift; path = Grocery_BuddyUITests.swift; sourceTree = "<group>"; };
		1F7E9A14274050DC00B8F772 /* Info.plist */ = {isa = PBXFileReference; lastKnownFileType = text.plist.xml; path = Info.plist; sourceTree = "<group>"; };
/* End PBXFileReference section */

/* Begin PBXFrameworksBuildPhase section */
		1F7E99EF274050D900B8F772 /* Frameworks */ = {
			isa = PBXFrameworksBuildPhase;
			buildActionMask = 2147483647;
			files = (
			);
			runOnlyForDeploymentPostprocessing = 0;
		};
		1F7E9A00274050DC00B8F772 /* Frameworks */ = {
			isa = PBXFrameworksBuildPhase;
			buildActionMask = 2147483647;
			files = (
			);
			runOnlyForDeploymentPostprocessing = 0;
		};
		1F7E9A0B274050DC00B8F772 /* Frameworks */ = {
			isa = PBXFrameworksBuildPhase;
			buildActionMask = 2147483647;
			files = (
			);
			runOnlyForDeploymentPostprocessing = 0;
		};
/* End PBXFrameworksBuildPhase section */

/* Begin PBXGroup section */
		1F7E99E9274050D900B8F772 = {
			isa = PBXGroup;
			children = (
				1F7E99F4274050D900B8F772 /* Grocery Buddy */,
				1F7E9A06274050DC00B8F772 /* Grocery BuddyTests */,
				1F7E9A11274050DC00B8F772 /* Grocery BuddyUITests */,
				1F7E99F3274050D900B8F772 /* Products */,
			);
			sourceTree = "<group>";
		};
		1F7E99F3274050D900B8F772 /* Products */ = {
			isa = PBXGroup;
			children = (
				1F7E99F2274050D900B8F772 /* Grocery Buddy.app */,
				1F7E9A03274050DC00B8F772 /* Grocery BuddyTests.xctest */,
				1F7E9A0E274050DC00B8F772 /* Grocery BuddyUITests.xctest */,
			);
			name = Products;
			sourceTree = "<group>";
		};
		1F7E99F4274050D900B8F772 /* Grocery Buddy */ = {
			isa = PBXGroup;
			children = (
				1F7E99F5274050D900B8F772 /* Grocery_BuddyApp.swift */,
				1F7E99F7274050D900B8F772 /* ContentView.swift */,
				1F7E99F9274050DC00B8F772 /* Assets.xcassets */,
				1F7E99FE274050DC00B8F772 /* Info.plist */,
				1F7E99FB274050DC00B8F772 /* Preview Content */,
			);
			path = "Grocery Buddy";
			sourceTree = "<group>";
		};
		1F7E99FB274050DC00B8F772 /* Preview Content */ = {
			isa = PBXGroup;
			children = (
				1F7E99FC274050DC00B8F772 /* Preview Assets.xcassets */,
			);
			path = "Preview Content";
			sourceTree = "<group>";
		};
		1F7E9A06274050DC00B8F772 /* Grocery BuddyTests */ = {
			isa = PBXGroup;
			children = (
				1F7E9A07274050DC00B8F772 /* Grocery_BuddyTests.swift */,
				1F7E9A09274050DC00B8F772 /* Info.plist */,
			);
			path = "Grocery BuddyTests";
			sourceTree = "<group>";
		};
		1F7E9A11274050DC00B8F772 /* Grocery BuddyUITests */ = {
			isa = PBXGroup;
			children = (
				1F7E9A12274050DC00B8F772 /* Grocery_BuddyUITests.swift */,
				1F7E9A14274050DC00B8F772 /* Info.plist */,
			);
			path = "Grocery BuddyUITests";
			sourceTree = "<group>";
		};
/* End PBXGroup section */

/* Begin PBXNativeTarget section */
		1F7E99F1274050D900B8F772 /* Grocery Buddy */ = {
			isa = PBXNativeTarget;
			buildConfigurationList = 1F7E9A17274050DC00B8F772 /* Build configuration list for PBXNativeTarget "Grocery Buddy" */;
			buildPhases = (
				1F7E99EE274050D900B8F772 /* Sources */,
				1F7E99EF274050D900B8F772 /* Frameworks */,
				1F7E99F0274050D900B8F772 /* Resources */,
			);
			buildRules = (
			);
			dependencies = (
			);
			name = "Grocery Buddy";
			productName = "Grocery Buddy";
			productReference = 1F7E99F2274050D900B8F772 /* Grocery Buddy.app */;
			productType = "com.apple.product-type.application";
		};
		1F7E9A02274050DC00B8F772 /* Grocery BuddyTests */ = {
			isa = PBXNativeTarget;
			buildConfigurationList = 1F7E9A1A274050DC00B8F772 /* Build configuration list for PBXNativeTarget "Grocery BuddyTests" */;
			buildPhases = (
				1F7E99FF274050DC00B8F772 /* Sources */,
				1F7E9A00274050DC00B8F772 /* Frameworks */,
				1F7E9A01274050DC00B8F772 /* Resources */,
			);
			buildRules = (
			);
			dependencies = (
				1F7E9A05274050DC00B8F772 /* PBXTargetDependency */,
			);
			name = "Grocery BuddyTests";
			productName = "Grocery BuddyTests";
			productReference = 1F7E9A03274050DC00B8F772 /* Grocery BuddyTests.xctest */;
			productType = "com.apple.product-type.bundle.unit-test";
		};
		1F7E9A0D274050DC00B8F772 /* Grocery BuddyUITests */ = {
			isa = PBXNativeTarget;
			buildConfigurationList = 1F7E9A1D274050DC00B8F772 /* Build configuration list for PBXNativeTarget "Grocery BuddyUITests" */;
			buildPhases = (
				1F7E9A0A274050DC00B8F772 /* Sources */,
				1F7E9A0B274050DC00B8F772 /* Frameworks */,
				1F7E9A0C274050DC00B8F772 /* Resources */,
			);
			buildRules = (
			);
			dependencies = (
				1F7E9A10274050DC00B8F772 /* PBXTargetDependency */,
			);
			name = "Grocery BuddyUITests";
			productName = "Grocery BuddyUITests";
			productReference = 1F7E9A0E274050DC00B8F772 /* Grocery BuddyUITests.xctest */;
			productType = "com.apple.product-type.bundle.ui-testing";
		};
/* End PBXNativeTarget section */

/* Begin PBXProject section */
		1F7E99EA274050D900B8F772 /* Project object */ = {
			isa = PBXProject;
			attributes = {
				LastSwiftUpdateCheck = 1250;
				LastUpgradeCheck = 1250;
				TargetAttributes = {
					1F7E99F1274050D900B8F772 = {
						CreatedOnToolsVersion = 12.5.1;
					};
					1F7E9A02274050DC00B8F772 = {
						CreatedOnToolsVersion = 12.5.1;
						TestTargetID = 1F7E99F1274050D900B8F772;
					};
					1F7E9A0D274050DC00B8F772 = {
						CreatedOnToolsVersion = 12.5.1;
						TestTargetID = 1F7E99F1274050D900B8F772;
					};
				};
			};
			buildConfigurationList = 1F7E99ED274050D900B8F772 /* Build configuration list for PBXProject "Grocery Buddy" */;
			compatibilityVersion = "Xcode 9.3";
			developmentRegion = en;
			hasScannedForEncodings = 0;
			knownRegions = (
				en,
				Base,
			);
			mainGroup = 1F7E99E9274050D900B8F772;
			productRefGroup = 1F7E99F3274050D900B8F772 /* Products */;
			projectDirPath = "";
			projectRoot = "";
			targets = (
				1F7E99F1274050D900B8F772 /* Grocery Buddy */,
				1F7E9A02274050DC00B8F772 /* Grocery BuddyTests */,
				1F7E9A0D274050DC00B8F772 /* Grocery BuddyUITests */,
			);
		};
/* End PBXProject section */

/* Begin PBXResourcesBuildPhase section */
		1F7E99F0274050D900B8F772 /* Resources */ = {
			isa = PBXResourcesBuildPhase;
			buildActionMask = 2147483647;
			files = (
				1F7E99FD274050DC00B8F772 /* Preview Assets.xcassets in Resources */,
				1F7E99FA274050DC00B8F772 /* Assets.xcassets in Resources */,
			);
			runOnlyForDeploymentPostprocessing = 0;
		};
		1F7E9A01274050DC00B8F772 /* Resources */ = {
			isa = PBXResourcesBuildPhase;
			buildActionMask = 2147483647;
			files = (
			);
			runOnlyForDeploymentPostprocessing = 0;
		};
		1F7E9A0C274050DC00B8F772 /* Resources */ = {
			isa = PBXResourcesBuildPhase;
			buildActionMask = 2147483647;
			files = (
			);
			runOnlyForDeploymentPostprocessing = 0;
		};
/* End PBXResourcesBuildPhase section */

/* Begin PBXSourcesBuildPhase section */
		1F7E99EE274050D900B8F772 /* Sources */ = {
			isa = PBXSourcesBuildPhase;
			buildActionMask = 2147483647;
			files = (
				1F7E99F8274050D900B8F772 /* ContentView.swift in Sources */,
				1F7E99F6274050D900B8F772 /* Grocery_BuddyApp.swift in Sources */,
			);
			runOnlyForDeploymentPostprocessing = 0;
		};
		1F7E99FF274050DC00B8F772 /* Sources */ = {
			isa = PBXSourcesBuildPhase;
			buildActionMask = 2147483647;
			files = (
				1F7E9A08274050DC00B8F772 /* Grocery_BuddyTests.swift in Sources */,
			);
			runOnlyForDeploymentPostprocessing = 0;
		};
		1F7E9A0A274050DC00B8F772 /* Sources */ = {
			isa = PBXSourcesBuildPhase;
			buildActionMask = 2147483647;
			files = (
				1F7E9A13274050DC00B8F772 /* Grocery_BuddyUITests.swift in Sources */,
			);
			runOnlyForDeploymentPostprocessing = 0;
		};
/* End PBXSourcesBuildPhase section */

/* Begin PBXTargetDependency section */
		1F7E9A05274050DC00B8F772 /* PBXTargetDependency */ = {
			isa = PBXTargetDependency;
			target = 1F7E99F1274050D900B8F772 /* Grocery Buddy */;
			targetProxy = 1F7E9A04274050DC00B8F772 /* PBXContainerItemProxy */;
		};
		1F7E9A10274050DC00B8F772 /* PBXTargetDependency */ = {
			isa = PBXTargetDependency;
			target = 1F7E99F1274050D900B8F772 /* Grocery Buddy */;
			targetProxy = 1F7E9A0F274050DC00B8F772 /* PBXContainerItemProxy */;
		};
/* End PBXTargetDependency section */

/* Begin XCBuildConfiguration section */
		1F7E9A15274050DC00B8F772 /* Debug */ = {
			isa = XCBuildConfiguration;
			buildSettings = {
				ALWAYS_SEARCH_USER_PATHS = NO;
				CLANG_ANALYZER_NONNULL = YES;
				CLANG_ANALYZER_NUMBER_OBJECT_CONVERSION = YES_AGGRESSIVE;
				CLANG_CXX_LANGUAGE_STANDARD = "gnu++14";
				CLANG_CXX_LIBRARY = "libc++";
				CLANG_ENABLE_MODULES = YES;
				CLANG_ENABLE_OBJC_ARC = YES;
				CLANG_ENABLE_OBJC_WEAK = YES;
				CLANG_WARN_BLOCK_CAPTURE_AUTORELEASING = YES;
				CLANG_WARN_BOOL_CONVERSION = YES;
				CLANG_WARN_COMMA = YES;
				CLANG_WARN_CONSTANT_CONVERSION = YES;
				CLANG_WARN_DEPRECATED_OBJC_IMPLEMENTATIONS = YES;
				CLANG_WARN_DIRECT_OBJC_ISA_USAGE = YES_ERROR;
				CLANG_WARN_DOCUMENTATION_COMMENTS = YES;
				CLANG_WARN_EMPTY_BODY = YES;
				CLANG_WARN_ENUM_CONVERSION = YES;
				CLANG_WARN_INFINITE_RECURSION = YES;
				CLANG_WARN_INT_CONVERSION = YES;
				CLANG_WARN_NON_LITERAL_NULL_CONVERSION = YES;
				CLANG_WARN_OBJC_IMPLICIT_RETAIN_SELF = YES;
				CLANG_WARN_OBJC_LITERAL_CONVERSION = YES;
				CLANG_WARN_OBJC_ROOT_CLASS = YES_ERROR;
				CLANG_WARN_QUOTED_INCLUDE_IN_FRAMEWORK_HEADER = YES;
				CLANG_WARN_RANGE_LOOP_ANALYSIS = YES;
				CLANG_WARN_STRICT_PROTOTYPES = YES;
				CLANG_WARN_SUSPICIOUS_MOVE = YES;
				CLANG_WARN_UNGUARDED_AVAILABILITY = YES_AGGRESSIVE;
				CLANG_WARN_UNREACHABLE_CODE = YES;
				CLANG_WARN__DUPLICATE_METHOD_MATCH = YES;
				COPY_PHASE_STRIP = NO;
				DEBUG_INFORMATION_FORMAT = dwarf;
				ENABLE_STRICT_OBJC_MSGSEND = YES;
				ENABLE_TESTABILITY = YES;
				GCC_C_LANGUAGE_STANDARD = gnu11;
				GCC_DYNAMIC_NO_PIC = NO;
				GCC_NO_COMMON_BLOCKS = YES;
				GCC_OPTIMIZATION_LEVEL = 0;
				GCC_PREPROCESSOR_DEFINITIONS = (
					"DEBUG=1",
					"$(inherited)",
				);
				GCC_WARN_64_TO_32_BIT_CONVERSION = YES;
				GCC_WARN_ABOUT_RETURN_TYPE = YES_ERROR;
				GCC_WARN_UNDECLARED_SELECTOR = YES;
				GCC_WARN_UNINITIALIZED_AUTOS = YES_AGGRESSIVE;
				GCC_WARN_UNUSED_FUNCTION = YES;
				GCC_WARN_UNUSED_VARIABLE = YES;
				IPHONEOS_DEPLOYMENT_TARGET = 14.5;
				MTL_ENABLE_DEBUG_INFO = INCLUDE_SOURCE;
				MTL_FAST_MATH = YES;
				ONLY_ACTIVE_ARCH = YES;
				SDKROOT = iphoneos;
				SWIFT_ACTIVE_COMPILATION_CONDITIONS = DEBUG;
				SWIFT_OPTIMIZATION_LEVEL = "-Onone";
			};
			name = Debug;
		};
		1F7E9A16274050DC00B8F772 /* Release */ = {
			isa = XCBuildConfiguration;
			buildSettings = {
				ALWAYS_SEARCH_USER_PATHS = NO;
				CLANG_ANALYZER_NONNULL = YES;
				CLANG_ANALYZER_NUMBER_OBJECT_CONVERSION = YES_AGGRESSIVE;
				CLANG_CXX_LANGUAGE_STANDARD = "gnu++14";
				CLANG_CXX_LIBRARY = "libc++";
				CLANG_ENABLE_MODULES = YES;
				CLANG_ENABLE_OBJC_ARC = YES;
				CLANG_ENABLE_OBJC_WEAK = YES;
				CLANG_WARN_BLOCK_CAPTURE_AUTORELEASING = YES;
				CLANG_WARN_BOOL_CONVERSION = YES;
				CLANG_WARN_COMMA = YES;
				CLANG_WARN_CONSTANT_CONVERSION = YES;
				CLANG_WARN_DEPRECATED_OBJC_IMPLEMENTATIONS = YES;
				CLANG_WARN_DIRECT_OBJC_ISA_USAGE = YES_ERROR;
				CLANG_WARN_DOCUMENTATION_COMMENTS = YES;
				CLANG_WARN_EMPTY_BODY = YES;
				CLANG_WARN_ENUM_CONVERSION = YES;
				CLANG_WARN_INFINITE_RECURSION = YES;
				CLANG_WARN_INT_CONVERSION = YES;
				CLANG_WARN_NON_LITERAL_NULL_CONVERSION = YES;
				CLANG_WARN_OBJC_IMPLICIT_RETAIN_SELF = YES;
				CLANG_WARN_OBJC_LITERAL_CONVERSION = YES;
				CLANG_WARN_OBJC_ROOT_CLASS = YES_ERROR;
				CLANG_WARN_QUOTED_INCLUDE_IN_FRAMEWORK_HEADER = YES;
				CLANG_WARN_RANGE_LOOP_ANALYSIS = YES;
				CLANG_WARN_STRICT_PROTOTYPES = YES;
				CLANG_WARN_SUSPICIOUS_MOVE = YES;
				CLANG_WARN_UNGUARDED_AVAILABILITY = YES_AGGRESSIVE;
				CLANG_WARN_UNREACHABLE_CODE = YES;
				CLANG_WARN__DUPLICATE_METHOD_MATCH = YES;
				COPY_PHASE_STRIP = NO;
				DEBUG_INFORMATION_FORMAT = "dwarf-with-dsym";
				ENABLE_NS_ASSERTIONS = NO;
				ENABLE_STRICT_OBJC_MSGSEND = YES;
				GCC_C_LANGUAGE_STANDARD = gnu11;
				GCC_NO_COMMON_BLOCKS = YES;
				GCC_WARN_64_TO_32_BIT_CONVERSION = YES;
				GCC_WARN_ABOUT_RETURN_TYPE = YES_ERROR;
				GCC_WARN_UNDECLARED_SELECTOR = YES;
				GCC_WARN_UNINITIALIZED_AUTOS = YES_AGGRESSIVE;
				GCC_WARN_UNUSED_FUNCTION = YES;
				GCC_WARN_UNUSED_VARIABLE = YES;
				IPHONEOS_DEPLOYMENT_TARGET = 14.5;
				MTL_ENABLE_DEBUG_INFO = NO;
				MTL_FAST_MATH = YES;
				SDKROOT = iphoneos;
				SWIFT_COMPILATION_MODE = wholemodule;
				SWIFT_OPTIMIZATION_LEVEL = "-O";
				VALIDATE_PRODUCT = YES;
			};
			name = Release;
		};
		1F7E9A18274050DC00B8F772 /* Debug */ = {
			isa = XCBuildConfiguration;
			buildSettings = {
				ASSETCATALOG_COMPILER_APPICON_NAME = AppIcon;
				ASSETCATALOG_COMPILER_GLOBAL_ACCENT_COLOR_NAME = AccentColor;
				CODE_SIGN_STYLE = Automatic;
				DEVELOPMENT_ASSET_PATHS = "\"Grocery Buddy/Preview Content\"";
				DEVELOPMENT_TEAM = 2U65F4R826;
				ENABLE_PREVIEWS = YES;
				INFOPLIST_FILE = "Grocery Buddy/Info.plist";
				IPHONEOS_DEPLOYMENT_TARGET = 14.0;
				LD_RUNPATH_SEARCH_PATHS = (
					"$(inherited)",
					"@executable_path/Frameworks",
				);
				PRODUCT_BUNDLE_IDENTIFIER = "com.Grocery-Buddy";
				PRODUCT_NAME = "$(TARGET_NAME)";
				SWIFT_VERSION = 5.0;
				TARGETED_DEVICE_FAMILY = "1,2";
			};
			name = Debug;
		};
		1F7E9A19274050DC00B8F772 /* Release */ = {
			isa = XCBuildConfiguration;
			buildSettings = {
				ASSETCATALOG_COMPILER_APPICON_NAME = AppIcon;
				ASSETCATALOG_COMPILER_GLOBAL_ACCENT_COLOR_NAME = AccentColor;
				CODE_SIGN_STYLE = Automatic;
				DEVELOPMENT_ASSET_PATHS = "\"Grocery Buddy/Preview Content\"";
				DEVELOPMENT_TEAM = 2U65F4R826;
				ENABLE_PREVIEWS = YES;
				INFOPLIST_FILE = "Grocery Buddy/Info.plist";
				IPHONEOS_DEPLOYMENT_TARGET = 14.0;
				LD_RUNPATH_SEARCH_PATHS = (
					"$(inherited)",
					"@executable_path/Frameworks",
				);
				PRODUCT_BUNDLE_IDENTIFIER = "com.Grocery-Buddy";
				PRODUCT_NAME = "$(TARGET_NAME)";
				SWIFT_VERSION = 5.0;
				TARGETED_DEVICE_FAMILY = "1,2";
			};
			name = Release;
		};
		1F7E9A1B274050DC00B8F772 /* Debug */ = {
			isa = XCBuildConfiguration;
			buildSettings = {
				ALWAYS_EMBED_SWIFT_STANDARD_LIBRARIES = YES;
				BUNDLE_LOADER = "$(TEST_HOST)";
				CODE_SIGN_STYLE = Automatic;
				DEVELOPMENT_TEAM = 2U65F4R826;
				INFOPLIST_FILE = "Grocery BuddyTests/Info.plist";
				IPHONEOS_DEPLOYMENT_TARGET = 14.0;
				LD_RUNPATH_SEARCH_PATHS = (
					"$(inherited)",
					"@executable_path/Frameworks",
					"@loader_path/Frameworks",
				);
				PRODUCT_BUNDLE_IDENTIFIER = "com.Grocery-BuddyTests";
				PRODUCT_NAME = "$(TARGET_NAME)";
				SWIFT_VERSION = 5.0;
				TARGETED_DEVICE_FAMILY = "1,2";
				TEST_HOST = "$(BUILT_PRODUCTS_DIR)/Grocery Buddy.app/Grocery Buddy";
			};
			name = Debug;
		};
		1F7E9A1C274050DC00B8F772 /* Release */ = {
			isa = XCBuildConfiguration;
			buildSettings = {
				ALWAYS_EMBED_SWIFT_STANDARD_LIBRARIES = YES;
				BUNDLE_LOADER = "$(TEST_HOST)";
				CODE_SIGN_STYLE = Automatic;
				DEVELOPMENT_TEAM = 2U65F4R826;
				INFOPLIST_FILE = "Grocery BuddyTests/Info.plist";
				IPHONEOS_DEPLOYMENT_TARGET = 14.0;
				LD_RUNPATH_SEARCH_PATHS = (
					"$(inherited)",
					"@executable_path/Frameworks",
					"@loader_path/Frameworks",
				);
				PRODUCT_BUNDLE_IDENTIFIER = "com.Grocery-BuddyTests";
				PRODUCT_NAME = "$(TARGET_NAME)";
				SWIFT_VERSION = 5.0;
				TARGETED_DEVICE_FAMILY = "1,2";
				TEST_HOST = "$(BUILT_PRODUCTS_DIR)/Grocery Buddy.app/Grocery Buddy";
			};
			name = Release;
		};
		1F7E9A1E274050DC00B8F772 /* Debug */ = {
			isa = XCBuildConfiguration;
			buildSettings = {
				ALWAYS_EMBED_SWIFT_STANDARD_LIBRARIES = YES;
				CODE_SIGN_STYLE = Automatic;
				DEVELOPMENT_TEAM = 2U65F4R826;
				INFOPLIST_FILE = "Grocery BuddyUITests/Info.plist";
				LD_RUNPATH_SEARCH_PATHS = (
					"$(inherited)",
					"@executable_path/Frameworks",
					"@loader_path/Frameworks",
				);
				PRODUCT_BUNDLE_IDENTIFIER = "com.Grocery-BuddyUITests";
				PRODUCT_NAME = "$(TARGET_NAME)";
				SWIFT_VERSION = 5.0;
				TARGETED_DEVICE_FAMILY = "1,2";
				TEST_TARGET_NAME = "Grocery Buddy";
			};
			name = Debug;
		};
		1F7E9A1F274050DC00B8F772 /* Release */ = {
			isa = XCBuildConfiguration;
			buildSettings = {
				ALWAYS_EMBED_SWIFT_STANDARD_LIBRARIES = YES;
				CODE_SIGN_STYLE = Automatic;
				DEVELOPMENT_TEAM = 2U65F4R826;
				INFOPLIST_FILE = "Grocery BuddyUITests/Info.plist";
				LD_RUNPATH_SEARCH_PATHS = (
					"$(inherited)",
					"@executable_path/Frameworks",
					"@loader_path/Frameworks",
				);
				PRODUCT_BUNDLE_IDENTIFIER = "com.Grocery-BuddyUITests";
				PRODUCT_NAME = "$(TARGET_NAME)";
				SWIFT_VERSION = 5.0;
				TARGETED_DEVICE_FAMILY = "1,2";
				TEST_TARGET_NAME = "Grocery Buddy";
			};
			name = Release;
		};
/* End XCBuildConfiguration section */

/* Begin XCConfigurationList section */
		1F7E99ED274050D900B8F772 /* Build configuration list for PBXProject "Grocery Buddy" */ = {
			isa = XCConfigurationList;
			buildConfigurations = (
				1F7E9A15274050DC00B8F772 /* Debug */,
				1F7E9A16274050DC00B8F772 /* Release */,
			);
			defaultConfigurationIsVisible = 0;
			defaultConfigurationName = Release;
		};
		1F7E9A17274050DC00B8F772 /* Build configuration list for PBXNativeTarget "Grocery Buddy" */ = {
			isa = XCConfigurationList;
			buildConfigurations = (
				1F7E9A18274050DC00B8F772 /* Debug */,
				1F7E9A19274050DC00B8F772 /* Release */,
			);
			defaultConfigurationIsVisible = 0;
			defaultConfigurationName = Release;
		};
		1F7E9A1A274050DC00B8F772 /* Build configuration list for PBXNativeTarget "Grocery BuddyTests" */ = {
			isa = XCConfigurationList;
			buildConfigurations = (
				1F7E9A1B274050DC00B8F772 /* Debug */,
				1F7E9A1C274050DC00B8F772 /* Release */,
			);
			defaultConfigurationIsVisible = 0;
			defaultConfigurationName = Release;
		};
		1F7E9A1D274050DC00B8F772 /* Build configuration list for PBXNativeTarget "Grocery BuddyUITests" */ = {
			isa = XCConfigurationList;
			buildConfigurations = (
				1F7E9A1E274050DC00B8F772 /* Debug */,
				1F7E9A1F274050DC00B8F772 /* Release */,
			);
			defaultConfigurationIsVisible = 0;
			defaultConfigurationName = Release;
		};
/* End XCConfigurationList section */
	};
	rootObject = 1F7E99EA274050D900B8F772 /* Project object */;
}
